// !$*UTF8*$!
{
	archiveVersion = 1;
	classes = {
	};
	objectVersion = 55;
	objects = {

/* Begin PBXBuildFile section */
		0ECBF0169C3984567050F655 /* Pods_DreamDestinations.framework in Frameworks */ = {isa = PBXBuildFile; fileRef = 6521F6CBB5F8750F6D6D24FF /* Pods_DreamDestinations.framework */; };
		72428ED79ECBEDE851D2621C /* Pods_DreamDestinations_DreamDestinationsUITests.framework in Frameworks */ = {isa = PBXBuildFile; fileRef = 1007D1B27A91832C61B46A39 /* Pods_DreamDestinations_DreamDestinationsUITests.framework */; };
		76905E3A3FB0A53E0DC19996 /* Pods_DreamDestinationsTests.framework in Frameworks */ = {isa = PBXBuildFile; fileRef = 6ECC38579635D064DEE83A38 /* Pods_DreamDestinationsTests.framework */; };
		81E448D12757C1D800B305CA /* TableViewController.swift in Sources */ = {isa = PBXBuildFile; fileRef = 81E448D02757C1D800B305CA /* TableViewController.swift */; };
		81E8EA76275ECB9100452135 /* MapViewController.swift in Sources */ = {isa = PBXBuildFile; fileRef = 81E8EA75275ECB9100452135 /* MapViewController.swift */; };
		AD5E15F9274552AF00330EE8 /* AppDelegate.swift in Sources */ = {isa = PBXBuildFile; fileRef = AD5E15F8274552AF00330EE8 /* AppDelegate.swift */; };
		AD5E15FB274552AF00330EE8 /* SceneDelegate.swift in Sources */ = {isa = PBXBuildFile; fileRef = AD5E15FA274552AF00330EE8 /* SceneDelegate.swift */; };
		AD5E15FD274552AF00330EE8 /* ViewController.swift in Sources */ = {isa = PBXBuildFile; fileRef = AD5E15FC274552AF00330EE8 /* ViewController.swift */; };
		AD5E1600274552AF00330EE8 /* Main.storyboard in Resources */ = {isa = PBXBuildFile; fileRef = AD5E15FE274552AF00330EE8 /* Main.storyboard */; };
		AD5E1602274552B100330EE8 /* Assets.xcassets in Resources */ = {isa = PBXBuildFile; fileRef = AD5E1601274552B100330EE8 /* Assets.xcassets */; };
		AD5E1605274552B100330EE8 /* LaunchScreen.storyboard in Resources */ = {isa = PBXBuildFile; fileRef = AD5E1603274552B100330EE8 /* LaunchScreen.storyboard */; };
		AD5E1610274552B100330EE8 /* DreamDestinationsTests.swift in Sources */ = {isa = PBXBuildFile; fileRef = AD5E160F274552B100330EE8 /* DreamDestinationsTests.swift */; };
		AD5E161A274552B100330EE8 /* DreamDestinationsUITests.swift in Sources */ = {isa = PBXBuildFile; fileRef = AD5E1619274552B100330EE8 /* DreamDestinationsUITests.swift */; };
		AD5E161C274552B100330EE8 /* DreamDestinationsUITestsLaunchTests.swift in Sources */ = {isa = PBXBuildFile; fileRef = AD5E161B274552B100330EE8 /* DreamDestinationsUITestsLaunchTests.swift */; };
		AD5E16292745610400330EE8 /* CameraViewController.swift in Sources */ = {isa = PBXBuildFile; fileRef = AD5E16282745610400330EE8 /* CameraViewController.swift */; };
/* End PBXBuildFile section */

/* Begin PBXContainerItemProxy section */
		AD5E160C274552B100330EE8 /* PBXContainerItemProxy */ = {
			isa = PBXContainerItemProxy;
			containerPortal = AD5E15ED274552AF00330EE8 /* Project object */;
			proxyType = 1;
			remoteGlobalIDString = AD5E15F4274552AF00330EE8;
			remoteInfo = DreamDestinations;
		};
		AD5E1616274552B100330EE8 /* PBXContainerItemProxy */ = {
			isa = PBXContainerItemProxy;
			containerPortal = AD5E15ED274552AF00330EE8 /* Project object */;
			proxyType = 1;
			remoteGlobalIDString = AD5E15F4274552AF00330EE8;
			remoteInfo = DreamDestinations;
		};
/* End PBXContainerItemProxy section */

/* Begin PBXFileReference section */
		1007D1B27A91832C61B46A39 /* Pods_DreamDestinations_DreamDestinationsUITests.framework */ = {isa = PBXFileReference; explicitFileType = wrapper.framework; includeInIndex = 0; path = Pods_DreamDestinations_DreamDestinationsUITests.framework; sourceTree = BUILT_PRODUCTS_DIR; };
		1087A37FC41BC60081D753CD /* Pods-DreamDestinations-DreamDestinationsUITests.release.xcconfig */ = {isa = PBXFileReference; includeInIndex = 1; lastKnownFileType = text.xcconfig; name = "Pods-DreamDestinations-DreamDestinationsUITests.release.xcconfig"; path = "Target Support Files/Pods-DreamDestinations-DreamDestinationsUITests/Pods-DreamDestinations-DreamDestinationsUITests.release.xcconfig"; sourceTree = "<group>"; };
		17E775EC6F52D0C34BE3DADD /* Pods-DreamDestinations.debug.xcconfig */ = {isa = PBXFileReference; includeInIndex = 1; lastKnownFileType = text.xcconfig; name = "Pods-DreamDestinations.debug.xcconfig"; path = "Target Support Files/Pods-DreamDestinations/Pods-DreamDestinations.debug.xcconfig"; sourceTree = "<group>"; };
		21105FF0E09C3C799403D01F /* Pods-DreamDestinationsTests.debug.xcconfig */ = {isa = PBXFileReference; includeInIndex = 1; lastKnownFileType = text.xcconfig; name = "Pods-DreamDestinationsTests.debug.xcconfig"; path = "Target Support Files/Pods-DreamDestinationsTests/Pods-DreamDestinationsTests.debug.xcconfig"; sourceTree = "<group>"; };
		2D164E35FB21F23B8805033B /* Pods-DreamDestinationsTests.release.xcconfig */ = {isa = PBXFileReference; includeInIndex = 1; lastKnownFileType = text.xcconfig; name = "Pods-DreamDestinationsTests.release.xcconfig"; path = "Target Support Files/Pods-DreamDestinationsTests/Pods-DreamDestinationsTests.release.xcconfig"; sourceTree = "<group>"; };
		48D3CC984BD4844CC32F6F5D /* Pods-DreamDestinations.release.xcconfig */ = {isa = PBXFileReference; includeInIndex = 1; lastKnownFileType = text.xcconfig; name = "Pods-DreamDestinations.release.xcconfig"; path = "Target Support Files/Pods-DreamDestinations/Pods-DreamDestinations.release.xcconfig"; sourceTree = "<group>"; };
		6521F6CBB5F8750F6D6D24FF /* Pods_DreamDestinations.framework */ = {isa = PBXFileReference; explicitFileType = wrapper.framework; includeInIndex = 0; path = Pods_DreamDestinations.framework; sourceTree = BUILT_PRODUCTS_DIR; };
		6ECC38579635D064DEE83A38 /* Pods_DreamDestinationsTests.framework */ = {isa = PBXFileReference; explicitFileType = wrapper.framework; includeInIndex = 0; path = Pods_DreamDestinationsTests.framework; sourceTree = BUILT_PRODUCTS_DIR; };
		81E448D02757C1D800B305CA /* TableViewController.swift */ = {isa = PBXFileReference; lastKnownFileType = sourcecode.swift; path = TableViewController.swift; sourceTree = "<group>"; };
		81E8EA75275ECB9100452135 /* MapViewController.swift */ = {isa = PBXFileReference; lastKnownFileType = sourcecode.swift; path = MapViewController.swift; sourceTree = "<group>"; };
		8B654400BF67FDB21E767572 /* Pods-DreamDestinations-DreamDestinationsUITests.debug.xcconfig */ = {isa = PBXFileReference; includeInIndex = 1; lastKnownFileType = text.xcconfig; name = "Pods-DreamDestinations-DreamDestinationsUITests.debug.xcconfig"; path = "Target Support Files/Pods-DreamDestinations-DreamDestinationsUITests/Pods-DreamDestinations-DreamDestinationsUITests.debug.xcconfig"; sourceTree = "<group>"; };
		AD5E15F5274552AF00330EE8 /* DreamDestinations.app */ = {isa = PBXFileReference; explicitFileType = wrapper.application; includeInIndex = 0; path = DreamDestinations.app; sourceTree = BUILT_PRODUCTS_DIR; };
		AD5E15F8274552AF00330EE8 /* AppDelegate.swift */ = {isa = PBXFileReference; lastKnownFileType = sourcecode.swift; path = AppDelegate.swift; sourceTree = "<group>"; };
		AD5E15FA274552AF00330EE8 /* SceneDelegate.swift */ = {isa = PBXFileReference; lastKnownFileType = sourcecode.swift; path = SceneDelegate.swift; sourceTree = "<group>"; };
		AD5E15FC274552AF00330EE8 /* ViewController.swift */ = {isa = PBXFileReference; lastKnownFileType = sourcecode.swift; path = ViewController.swift; sourceTree = "<group>"; };
		AD5E15FF274552AF00330EE8 /* Base */ = {isa = PBXFileReference; lastKnownFileType = file.storyboard; name = Base; path = Base.lproj/Main.storyboard; sourceTree = "<group>"; };
		AD5E1601274552B100330EE8 /* Assets.xcassets */ = {isa = PBXFileReference; lastKnownFileType = folder.assetcatalog; path = Assets.xcassets; sourceTree = "<group>"; };
		AD5E1604274552B100330EE8 /* Base */ = {isa = PBXFileReference; lastKnownFileType = file.storyboard; name = Base; path = Base.lproj/LaunchScreen.storyboard; sourceTree = "<group>"; };
		AD5E1606274552B100330EE8 /* Info.plist */ = {isa = PBXFileReference; lastKnownFileType = text.plist.xml; path = Info.plist; sourceTree = "<group>"; };
		AD5E160B274552B100330EE8 /* DreamDestinationsTests.xctest */ = {isa = PBXFileReference; explicitFileType = wrapper.cfbundle; includeInIndex = 0; path = DreamDestinationsTests.xctest; sourceTree = BUILT_PRODUCTS_DIR; };
		AD5E160F274552B100330EE8 /* DreamDestinationsTests.swift */ = {isa = PBXFileReference; lastKnownFileType = sourcecode.swift; path = DreamDestinationsTests.swift; sourceTree = "<group>"; };
		AD5E1615274552B100330EE8 /* DreamDestinationsUITests.xctest */ = {isa = PBXFileReference; explicitFileType = wrapper.cfbundle; includeInIndex = 0; path = DreamDestinationsUITests.xctest; sourceTree = BUILT_PRODUCTS_DIR; };
		AD5E1619274552B100330EE8 /* DreamDestinationsUITests.swift */ = {isa = PBXFileReference; lastKnownFileType = sourcecode.swift; path = DreamDestinationsUITests.swift; sourceTree = "<group>"; };
		AD5E161B274552B100330EE8 /* DreamDestinationsUITestsLaunchTests.swift */ = {isa = PBXFileReference; lastKnownFileType = sourcecode.swift; path = DreamDestinationsUITestsLaunchTests.swift; sourceTree = "<group>"; };
		AD5E16282745610400330EE8 /* CameraViewController.swift */ = {isa = PBXFileReference; lastKnownFileType = sourcecode.swift; path = CameraViewController.swift; sourceTree = "<group>"; };
/* End PBXFileReference section */

/* Begin PBXFrameworksBuildPhase section */
		AD5E15F2274552AF00330EE8 /* Frameworks */ = {
			isa = PBXFrameworksBuildPhase;
			buildActionMask = 2147483647;
			files = (
				0ECBF0169C3984567050F655 /* Pods_DreamDestinations.framework in Frameworks */,
			);
			runOnlyForDeploymentPostprocessing = 0;
		};
		AD5E1608274552B100330EE8 /* Frameworks */ = {
			isa = PBXFrameworksBuildPhase;
			buildActionMask = 2147483647;
			files = (
				76905E3A3FB0A53E0DC19996 /* Pods_DreamDestinationsTests.framework in Frameworks */,
			);
			runOnlyForDeploymentPostprocessing = 0;
		};
		AD5E1612274552B100330EE8 /* Frameworks */ = {
			isa = PBXFrameworksBuildPhase;
			buildActionMask = 2147483647;
			files = (
				72428ED79ECBEDE851D2621C /* Pods_DreamDestinations_DreamDestinationsUITests.framework in Frameworks */,
			);
			runOnlyForDeploymentPostprocessing = 0;
		};
/* End PBXFrameworksBuildPhase section */

/* Begin PBXGroup section */
		5EB50E035A00FA62BAF8D469 /* Frameworks */ = {
			isa = PBXGroup;
			children = (
				6521F6CBB5F8750F6D6D24FF /* Pods_DreamDestinations.framework */,
				1007D1B27A91832C61B46A39 /* Pods_DreamDestinations_DreamDestinationsUITests.framework */,
				6ECC38579635D064DEE83A38 /* Pods_DreamDestinationsTests.framework */,
			);
			name = Frameworks;
			sourceTree = "<group>";
		};
		93C37C321666B3376D1CB65F /* Pods */ = {
			isa = PBXGroup;
			children = (
				17E775EC6F52D0C34BE3DADD /* Pods-DreamDestinations.debug.xcconfig */,
				48D3CC984BD4844CC32F6F5D /* Pods-DreamDestinations.release.xcconfig */,
				8B654400BF67FDB21E767572 /* Pods-DreamDestinations-DreamDestinationsUITests.debug.xcconfig */,
				1087A37FC41BC60081D753CD /* Pods-DreamDestinations-DreamDestinationsUITests.release.xcconfig */,
				21105FF0E09C3C799403D01F /* Pods-DreamDestinationsTests.debug.xcconfig */,
				2D164E35FB21F23B8805033B /* Pods-DreamDestinationsTests.release.xcconfig */,
			);
			path = Pods;
			sourceTree = "<group>";
		};
		AD5E15EC274552AF00330EE8 = {
			isa = PBXGroup;
			children = (
				AD5E15F7274552AF00330EE8 /* DreamDestinations */,
				AD5E160E274552B100330EE8 /* DreamDestinationsTests */,
				AD5E1618274552B100330EE8 /* DreamDestinationsUITests */,
				AD5E15F6274552AF00330EE8 /* Products */,
				93C37C321666B3376D1CB65F /* Pods */,
				5EB50E035A00FA62BAF8D469 /* Frameworks */,
			);
			sourceTree = "<group>";
		};
		AD5E15F6274552AF00330EE8 /* Products */ = {
			isa = PBXGroup;
			children = (
				AD5E15F5274552AF00330EE8 /* DreamDestinations.app */,
				AD5E160B274552B100330EE8 /* DreamDestinationsTests.xctest */,
				AD5E1615274552B100330EE8 /* DreamDestinationsUITests.xctest */,
			);
			name = Products;
			sourceTree = "<group>";
		};
		AD5E15F7274552AF00330EE8 /* DreamDestinations */ = {
			isa = PBXGroup;
			children = (
				AD5E15F8274552AF00330EE8 /* AppDelegate.swift */,
				AD5E15FA274552AF00330EE8 /* SceneDelegate.swift */,
				AD5E15FC274552AF00330EE8 /* ViewController.swift */,
				AD5E15FE274552AF00330EE8 /* Main.storyboard */,
				AD5E1601274552B100330EE8 /* Assets.xcassets */,
				AD5E1603274552B100330EE8 /* LaunchScreen.storyboard */,
				AD5E1606274552B100330EE8 /* Info.plist */,
				AD5E16282745610400330EE8 /* CameraViewController.swift */,
				81E448D02757C1D800B305CA /* TableViewController.swift */,
				81E8EA75275ECB9100452135 /* MapViewController.swift */,
			);
			path = DreamDestinations;
			sourceTree = "<group>";
		};
		AD5E160E274552B100330EE8 /* DreamDestinationsTests */ = {
			isa = PBXGroup;
			children = (
				AD5E160F274552B100330EE8 /* DreamDestinationsTests.swift */,
			);
			path = DreamDestinationsTests;
			sourceTree = "<group>";
		};
		AD5E1618274552B100330EE8 /* DreamDestinationsUITests */ = {
			isa = PBXGroup;
			children = (
				AD5E1619274552B100330EE8 /* DreamDestinationsUITests.swift */,
				AD5E161B274552B100330EE8 /* DreamDestinationsUITestsLaunchTests.swift */,
			);
			path = DreamDestinationsUITests;
			sourceTree = "<group>";
		};
/* End PBXGroup section */

/* Begin PBXNativeTarget section */
		AD5E15F4274552AF00330EE8 /* DreamDestinations */ = {
			isa = PBXNativeTarget;
			buildConfigurationList = AD5E161F274552B100330EE8 /* Build configuration list for PBXNativeTarget "DreamDestinations" */;
			buildPhases = (
				070800068266F478B992ACCC /* [CP] Check Pods Manifest.lock */,
				AD5E15F1274552AF00330EE8 /* Sources */,
				AD5E15F2274552AF00330EE8 /* Frameworks */,
				AD5E15F3274552AF00330EE8 /* Resources */,
				83AA39FA375C4BC09B4BBF3D /* [CP] Embed Pods Frameworks */,
			);
			buildRules = (
			);
			dependencies = (
			);
			name = DreamDestinations;
			productName = DreamDestinations;
			productReference = AD5E15F5274552AF00330EE8 /* DreamDestinations.app */;
			productType = "com.apple.product-type.application";
		};
		AD5E160A274552B100330EE8 /* DreamDestinationsTests */ = {
			isa = PBXNativeTarget;
			buildConfigurationList = AD5E1622274552B100330EE8 /* Build configuration list for PBXNativeTarget "DreamDestinationsTests" */;
			buildPhases = (
				9326E4F91C00A86D16EA0870 /* [CP] Check Pods Manifest.lock */,
				AD5E1607274552B100330EE8 /* Sources */,
				AD5E1608274552B100330EE8 /* Frameworks */,
				AD5E1609274552B100330EE8 /* Resources */,
			);
			buildRules = (
			);
			dependencies = (
				AD5E160D274552B100330EE8 /* PBXTargetDependency */,
			);
			name = DreamDestinationsTests;
			productName = DreamDestinationsTests;
			productReference = AD5E160B274552B100330EE8 /* DreamDestinationsTests.xctest */;
			productType = "com.apple.product-type.bundle.unit-test";
		};
		AD5E1614274552B100330EE8 /* DreamDestinationsUITests */ = {
			isa = PBXNativeTarget;
			buildConfigurationList = AD5E1625274552B100330EE8 /* Build configuration list for PBXNativeTarget "DreamDestinationsUITests" */;
			buildPhases = (
				1DF86C9A65F575FE850B9CB3 /* [CP] Check Pods Manifest.lock */,
				AD5E1611274552B100330EE8 /* Sources */,
				AD5E1612274552B100330EE8 /* Frameworks */,
				AD5E1613274552B100330EE8 /* Resources */,
				429A7BCEC64529A3B693BA1F /* [CP] Embed Pods Frameworks */,
			);
			buildRules = (
			);
			dependencies = (
				AD5E1617274552B100330EE8 /* PBXTargetDependency */,
			);
			name = DreamDestinationsUITests;
			productName = DreamDestinationsUITests;
			productReference = AD5E1615274552B100330EE8 /* DreamDestinationsUITests.xctest */;
			productType = "com.apple.product-type.bundle.ui-testing";
		};
/* End PBXNativeTarget section */

/* Begin PBXProject section */
		AD5E15ED274552AF00330EE8 /* Project object */ = {
			isa = PBXProject;
			attributes = {
				BuildIndependentTargetsInParallel = 1;
				LastSwiftUpdateCheck = 1310;
				LastUpgradeCheck = 1310;
				TargetAttributes = {
					AD5E15F4274552AF00330EE8 = {
						CreatedOnToolsVersion = 13.1;
					};
					AD5E160A274552B100330EE8 = {
						CreatedOnToolsVersion = 13.1;
						TestTargetID = AD5E15F4274552AF00330EE8;
					};
					AD5E1614274552B100330EE8 = {
						CreatedOnToolsVersion = 13.1;
						TestTargetID = AD5E15F4274552AF00330EE8;
					};
				};
			};
			buildConfigurationList = AD5E15F0274552AF00330EE8 /* Build configuration list for PBXProject "DreamDestinations" */;
			compatibilityVersion = "Xcode 13.0";
			developmentRegion = en;
			hasScannedForEncodings = 0;
			knownRegions = (
				en,
				Base,
			);
			mainGroup = AD5E15EC274552AF00330EE8;
			productRefGroup = AD5E15F6274552AF00330EE8 /* Products */;
			projectDirPath = "";
			projectRoot = "";
			targets = (
				AD5E15F4274552AF00330EE8 /* DreamDestinations */,
				AD5E160A274552B100330EE8 /* DreamDestinationsTests */,
				AD5E1614274552B100330EE8 /* DreamDestinationsUITests */,
			);
		};
/* End PBXProject section */

/* Begin PBXResourcesBuildPhase section */
		AD5E15F3274552AF00330EE8 /* Resources */ = {
			isa = PBXResourcesBuildPhase;
			buildActionMask = 2147483647;
			files = (
				AD5E1605274552B100330EE8 /* LaunchScreen.storyboard in Resources */,
				AD5E1602274552B100330EE8 /* Assets.xcassets in Resources */,
				AD5E1600274552AF00330EE8 /* Main.storyboard in Resources */,
			);
			runOnlyForDeploymentPostprocessing = 0;
		};
		AD5E1609274552B100330EE8 /* Resources */ = {
			isa = PBXResourcesBuildPhase;
			buildActionMask = 2147483647;
			files = (
			);
			runOnlyForDeploymentPostprocessing = 0;
		};
		AD5E1613274552B100330EE8 /* Resources */ = {
			isa = PBXResourcesBuildPhase;
			buildActionMask = 2147483647;
			files = (
			);
			runOnlyForDeploymentPostprocessing = 0;
		};
/* End PBXResourcesBuildPhase section */

/* Begin PBXShellScriptBuildPhase section */
		070800068266F478B992ACCC /* [CP] Check Pods Manifest.lock */ = {
			isa = PBXShellScriptBuildPhase;
			buildActionMask = 2147483647;
			files = (
			);
			inputFileListPaths = (
			);
			inputPaths = (
				"${PODS_PODFILE_DIR_PATH}/Podfile.lock",
				"${PODS_ROOT}/Manifest.lock",
			);
			name = "[CP] Check Pods Manifest.lock";
			outputFileListPaths = (
			);
			outputPaths = (
				"$(DERIVED_FILE_DIR)/Pods-DreamDestinations-checkManifestLockResult.txt",
			);
			runOnlyForDeploymentPostprocessing = 0;
			shellPath = /bin/sh;
			shellScript = "diff \"${PODS_PODFILE_DIR_PATH}/Podfile.lock\" \"${PODS_ROOT}/Manifest.lock\" > /dev/null\nif [ $? != 0 ] ; then\n    # print error to STDERR\n    echo \"error: The sandbox is not in sync with the Podfile.lock. Run 'pod install' or update your CocoaPods installation.\" >&2\n    exit 1\nfi\n# This output is used by Xcode 'outputs' to avoid re-running this script phase.\necho \"SUCCESS\" > \"${SCRIPT_OUTPUT_FILE_0}\"\n";
			showEnvVarsInLog = 0;
		};
		1DF86C9A65F575FE850B9CB3 /* [CP] Check Pods Manifest.lock */ = {
			isa = PBXShellScriptBuildPhase;
			buildActionMask = 2147483647;
			files = (
			);
			inputFileListPaths = (
			);
			inputPaths = (
				"${PODS_PODFILE_DIR_PATH}/Podfile.lock",
				"${PODS_ROOT}/Manifest.lock",
			);
			name = "[CP] Check Pods Manifest.lock";
			outputFileListPaths = (
			);
			outputPaths = (
				"$(DERIVED_FILE_DIR)/Pods-DreamDestinations-DreamDestinationsUITests-checkManifestLockResult.txt",
			);
			runOnlyForDeploymentPostprocessing = 0;
			shellPath = /bin/sh;
			shellScript = "diff \"${PODS_PODFILE_DIR_PATH}/Podfile.lock\" \"${PODS_ROOT}/Manifest.lock\" > /dev/null\nif [ $? != 0 ] ; then\n    # print error to STDERR\n    echo \"error: The sandbox is not in sync with the Podfile.lock. Run 'pod install' or update your CocoaPods installation.\" >&2\n    exit 1\nfi\n# This output is used by Xcode 'outputs' to avoid re-running this script phase.\necho \"SUCCESS\" > \"${SCRIPT_OUTPUT_FILE_0}\"\n";
			showEnvVarsInLog = 0;
		};
		429A7BCEC64529A3B693BA1F /* [CP] Embed Pods Frameworks */ = {
			isa = PBXShellScriptBuildPhase;
			buildActionMask = 2147483647;
			files = (
			);
			inputFileListPaths = (
				"${PODS_ROOT}/Target Support Files/Pods-DreamDestinations-DreamDestinationsUITests/Pods-DreamDestinations-DreamDestinationsUITests-frameworks-${CONFIGURATION}-input-files.xcfilelist",
			);
			name = "[CP] Embed Pods Frameworks";
			outputFileListPaths = (
				"${PODS_ROOT}/Target Support Files/Pods-DreamDestinations-DreamDestinationsUITests/Pods-DreamDestinations-DreamDestinationsUITests-frameworks-${CONFIGURATION}-output-files.xcfilelist",
			);
			runOnlyForDeploymentPostprocessing = 0;
			shellPath = /bin/sh;
			shellScript = "\"${PODS_ROOT}/Target Support Files/Pods-DreamDestinations-DreamDestinationsUITests/Pods-DreamDestinations-DreamDestinationsUITests-frameworks.sh\"\n";
			showEnvVarsInLog = 0;
		};
		83AA39FA375C4BC09B4BBF3D /* [CP] Embed Pods Frameworks */ = {
			isa = PBXShellScriptBuildPhase;
			buildActionMask = 2147483647;
			files = (
			);
			inputFileListPaths = (
				"${PODS_ROOT}/Target Support Files/Pods-DreamDestinations/Pods-DreamDestinations-frameworks-${CONFIGURATION}-input-files.xcfilelist",
			);
			name = "[CP] Embed Pods Frameworks";
			outputFileListPaths = (
				"${PODS_ROOT}/Target Support Files/Pods-DreamDestinations/Pods-DreamDestinations-frameworks-${CONFIGURATION}-output-files.xcfilelist",
			);
			runOnlyForDeploymentPostprocessing = 0;
			shellPath = /bin/sh;
			shellScript = "\"${PODS_ROOT}/Target Support Files/Pods-DreamDestinations/Pods-DreamDestinations-frameworks.sh\"\n";
			showEnvVarsInLog = 0;
		};
		9326E4F91C00A86D16EA0870 /* [CP] Check Pods Manifest.lock */ = {
			isa = PBXShellScriptBuildPhase;
			buildActionMask = 2147483647;
			files = (
			);
			inputFileListPaths = (
			);
			inputPaths = (
				"${PODS_PODFILE_DIR_PATH}/Podfile.lock",
				"${PODS_ROOT}/Manifest.lock",
			);
			name = "[CP] Check Pods Manifest.lock";
			outputFileListPaths = (
			);
			outputPaths = (
				"$(DERIVED_FILE_DIR)/Pods-DreamDestinationsTests-checkManifestLockResult.txt",
			);
			runOnlyForDeploymentPostprocessing = 0;
			shellPath = /bin/sh;
			shellScript = "diff \"${PODS_PODFILE_DIR_PATH}/Podfile.lock\" \"${PODS_ROOT}/Manifest.lock\" > /dev/null\nif [ $? != 0 ] ; then\n    # print error to STDERR\n    echo \"error: The sandbox is not in sync with the Podfile.lock. Run 'pod install' or update your CocoaPods installation.\" >&2\n    exit 1\nfi\n# This output is used by Xcode 'outputs' to avoid re-running this script phase.\necho \"SUCCESS\" > \"${SCRIPT_OUTPUT_FILE_0}\"\n";
			showEnvVarsInLog = 0;
		};
/* End PBXShellScriptBuildPhase section */

/* Begin PBXSourcesBuildPhase section */
		AD5E15F1274552AF00330EE8 /* Sources */ = {
			isa = PBXSourcesBuildPhase;
			buildActionMask = 2147483647;
			files = (
				AD5E15FD274552AF00330EE8 /* ViewController.swift in Sources */,
				81E8EA76275ECB9100452135 /* MapViewController.swift in Sources */,
				AD5E16292745610400330EE8 /* CameraViewController.swift in Sources */,
				AD5E15F9274552AF00330EE8 /* AppDelegate.swift in Sources */,
				81E448D12757C1D800B305CA /* TableViewController.swift in Sources */,
				AD5E15FB274552AF00330EE8 /* SceneDelegate.swift in Sources */,
			);
			runOnlyForDeploymentPostprocessing = 0;
		};
		AD5E1607274552B100330EE8 /* Sources */ = {
			isa = PBXSourcesBuildPhase;
			buildActionMask = 2147483647;
			files = (
				AD5E1610274552B100330EE8 /* DreamDestinationsTests.swift in Sources */,
			);
			runOnlyForDeploymentPostprocessing = 0;
		};
		AD5E1611274552B100330EE8 /* Sources */ = {
			isa = PBXSourcesBuildPhase;
			buildActionMask = 2147483647;
			files = (
				AD5E161A274552B100330EE8 /* DreamDestinationsUITests.swift in Sources */,
				AD5E161C274552B100330EE8 /* DreamDestinationsUITestsLaunchTests.swift in Sources */,
			);
			runOnlyForDeploymentPostprocessing = 0;
		};
/* End PBXSourcesBuildPhase section */

/* Begin PBXTargetDependency section */
		AD5E160D274552B100330EE8 /* PBXTargetDependency */ = {
			isa = PBXTargetDependency;
			target = AD5E15F4274552AF00330EE8 /* DreamDestinations */;
			targetProxy = AD5E160C274552B100330EE8 /* PBXContainerItemProxy */;
		};
		AD5E1617274552B100330EE8 /* PBXTargetDependency */ = {
			isa = PBXTargetDependency;
			target = AD5E15F4274552AF00330EE8 /* DreamDestinations */;
			targetProxy = AD5E1616274552B100330EE8 /* PBXContainerItemProxy */;
		};
/* End PBXTargetDependency section */

/* Begin PBXVariantGroup section */
		AD5E15FE274552AF00330EE8 /* Main.storyboard */ = {
			isa = PBXVariantGroup;
			children = (
				AD5E15FF274552AF00330EE8 /* Base */,
			);
			name = Main.storyboard;
			sourceTree = "<group>";
		};
		AD5E1603274552B100330EE8 /* LaunchScreen.storyboard */ = {
			isa = PBXVariantGroup;
			children = (
				AD5E1604274552B100330EE8 /* Base */,
			);
			name = LaunchScreen.storyboard;
			sourceTree = "<group>";
		};
/* End PBXVariantGroup section */

/* Begin XCBuildConfiguration section */
		AD5E161D274552B100330EE8 /* Debug */ = {
			isa = XCBuildConfiguration;
			buildSettings = {
				ALWAYS_SEARCH_USER_PATHS = NO;
				CLANG_ANALYZER_NONNULL = YES;
				CLANG_ANALYZER_NUMBER_OBJECT_CONVERSION = YES_AGGRESSIVE;
				CLANG_CXX_LANGUAGE_STANDARD = "gnu++17";
				CLANG_CXX_LIBRARY = "libc++";
				CLANG_ENABLE_MODULES = YES;
				CLANG_ENABLE_OBJC_ARC = YES;
				CLANG_ENABLE_OBJC_WEAK = YES;
				CLANG_WARN_BLOCK_CAPTURE_AUTORELEASING = YES;
				CLANG_WARN_BOOL_CONVERSION = YES;
				CLANG_WARN_COMMA = YES;
				CLANG_WARN_CONSTANT_CONVERSION = YES;
				CLANG_WARN_DEPRECATED_OBJC_IMPLEMENTATIONS = YES;
				CLANG_WARN_DIRECT_OBJC_ISA_USAGE = YES_ERROR;
				CLANG_WARN_DOCUMENTATION_COMMENTS = YES;
				CLANG_WARN_EMPTY_BODY = YES;
				CLANG_WARN_ENUM_CONVERSION = YES;
				CLANG_WARN_INFINITE_RECURSION = YES;
				CLANG_WARN_INT_CONVERSION = YES;
				CLANG_WARN_NON_LITERAL_NULL_CONVERSION = YES;
				CLANG_WARN_OBJC_IMPLICIT_RETAIN_SELF = YES;
				CLANG_WARN_OBJC_LITERAL_CONVERSION = YES;
				CLANG_WARN_OBJC_ROOT_CLASS = YES_ERROR;
				CLANG_WARN_QUOTED_INCLUDE_IN_FRAMEWORK_HEADER = YES;
				CLANG_WARN_RANGE_LOOP_ANALYSIS = YES;
				CLANG_WARN_STRICT_PROTOTYPES = YES;
				CLANG_WARN_SUSPICIOUS_MOVE = YES;
				CLANG_WARN_UNGUARDED_AVAILABILITY = YES_AGGRESSIVE;
				CLANG_WARN_UNREACHABLE_CODE = YES;
				CLANG_WARN__DUPLICATE_METHOD_MATCH = YES;
				CODE_SIGN_STYLE = Manual;
				COPY_PHASE_STRIP = NO;
				DEBUG_INFORMATION_FORMAT = dwarf;
				DEVELOPMENT_TEAM = V6LS94JQJ2;
				ENABLE_STRICT_OBJC_MSGSEND = YES;
				ENABLE_TESTABILITY = YES;
				GCC_C_LANGUAGE_STANDARD = gnu11;
				GCC_DYNAMIC_NO_PIC = NO;
				GCC_NO_COMMON_BLOCKS = YES;
				GCC_OPTIMIZATION_LEVEL = 0;
				GCC_PREPROCESSOR_DEFINITIONS = (
					"DEBUG=1",
					"$(inherited)",
				);
				GCC_WARN_64_TO_32_BIT_CONVERSION = YES;
				GCC_WARN_ABOUT_RETURN_TYPE = YES_ERROR;
				GCC_WARN_UNDECLARED_SELECTOR = YES;
				GCC_WARN_UNINITIALIZED_AUTOS = YES_AGGRESSIVE;
				GCC_WARN_UNUSED_FUNCTION = YES;
				GCC_WARN_UNUSED_VARIABLE = YES;
				IPHONEOS_DEPLOYMENT_TARGET = 15.0;
				MTL_ENABLE_DEBUG_INFO = INCLUDE_SOURCE;
				MTL_FAST_MATH = YES;
				ONLY_ACTIVE_ARCH = YES;
				SDKROOT = iphoneos;
				SWIFT_ACTIVE_COMPILATION_CONDITIONS = DEBUG;
				SWIFT_OPTIMIZATION_LEVEL = "-Onone";
			};
			name = Debug;
		};
		AD5E161E274552B100330EE8 /* Release */ = {
			isa = XCBuildConfiguration;
			buildSettings = {
				ALWAYS_SEARCH_USER_PATHS = NO;
				CLANG_ANALYZER_NONNULL = YES;
				CLANG_ANALYZER_NUMBER_OBJECT_CONVERSION = YES_AGGRESSIVE;
				CLANG_CXX_LANGUAGE_STANDARD = "gnu++17";
				CLANG_CXX_LIBRARY = "libc++";
				CLANG_ENABLE_MODULES = YES;
				CLANG_ENABLE_OBJC_ARC = YES;
				CLANG_ENABLE_OBJC_WEAK = YES;
				CLANG_WARN_BLOCK_CAPTURE_AUTORELEASING = YES;
				CLANG_WARN_BOOL_CONVERSION = YES;
				CLANG_WARN_COMMA = YES;
				CLANG_WARN_CONSTANT_CONVERSION = YES;
				CLANG_WARN_DEPRECATED_OBJC_IMPLEMENTATIONS = YES;
				CLANG_WARN_DIRECT_OBJC_ISA_USAGE = YES_ERROR;
				CLANG_WARN_DOCUMENTATION_COMMENTS = YES;
				CLANG_WARN_EMPTY_BODY = YES;
				CLANG_WARN_ENUM_CONVERSION = YES;
				CLANG_WARN_INFINITE_RECURSION = YES;
				CLANG_WARN_INT_CONVERSION = YES;
				CLANG_WARN_NON_LITERAL_NULL_CONVERSION = YES;
				CLANG_WARN_OBJC_IMPLICIT_RETAIN_SELF = YES;
				CLANG_WARN_OBJC_LITERAL_CONVERSION = YES;
				CLANG_WARN_OBJC_ROOT_CLASS = YES_ERROR;
				CLANG_WARN_QUOTED_INCLUDE_IN_FRAMEWORK_HEADER = YES;
				CLANG_WARN_RANGE_LOOP_ANALYSIS = YES;
				CLANG_WARN_STRICT_PROTOTYPES = YES;
				CLANG_WARN_SUSPICIOUS_MOVE = YES;
				CLANG_WARN_UNGUARDED_AVAILABILITY = YES_AGGRESSIVE;
				CLANG_WARN_UNREACHABLE_CODE = YES;
				CLANG_WARN__DUPLICATE_METHOD_MATCH = YES;
				CODE_SIGN_STYLE = Manual;
				COPY_PHASE_STRIP = NO;
				DEBUG_INFORMATION_FORMAT = "dwarf-with-dsym";
				DEVELOPMENT_TEAM = V6LS94JQJ2;
				ENABLE_NS_ASSERTIONS = NO;
				ENABLE_STRICT_OBJC_MSGSEND = YES;
				GCC_C_LANGUAGE_STANDARD = gnu11;
				GCC_NO_COMMON_BLOCKS = YES;
				GCC_WARN_64_TO_32_BIT_CONVERSION = YES;
				GCC_WARN_ABOUT_RETURN_TYPE = YES_ERROR;
				GCC_WARN_UNDECLARED_SELECTOR = YES;
				GCC_WARN_UNINITIALIZED_AUTOS = YES_AGGRESSIVE;
				GCC_WARN_UNUSED_FUNCTION = YES;
				GCC_WARN_UNUSED_VARIABLE = YES;
				IPHONEOS_DEPLOYMENT_TARGET = 15.0;
				MTL_ENABLE_DEBUG_INFO = NO;
				MTL_FAST_MATH = YES;
				SDKROOT = iphoneos;
				SWIFT_COMPILATION_MODE = wholemodule;
				SWIFT_OPTIMIZATION_LEVEL = "-O";
				VALIDATE_PRODUCT = YES;
			};
			name = Release;
		};
		AD5E1620274552B100330EE8 /* Debug */ = {
			isa = XCBuildConfiguration;
			baseConfigurationReference = 17E775EC6F52D0C34BE3DADD /* Pods-DreamDestinations.debug.xcconfig */;
			buildSettings = {
				ASSETCATALOG_COMPILER_APPICON_NAME = AppIcon;
				ASSETCATALOG_COMPILER_GLOBAL_ACCENT_COLOR_NAME = AccentColor;
				CODE_SIGN_STYLE = Automatic;
				CURRENT_PROJECT_VERSION = 1;
				DEVELOPMENT_TEAM = V6LS94JQJ2;
				GENERATE_INFOPLIST_FILE = YES;
				INFOPLIST_FILE = DreamDestinations/Info.plist;
				INFOPLIST_KEY_NSAppleMusicUsageDescription = Main;
				INFOPLIST_KEY_UIApplicationSupportsIndirectInputEvents = YES;
				INFOPLIST_KEY_UILaunchStoryboardName = LaunchScreen;
				INFOPLIST_KEY_UISupportedInterfaceOrientations_iPad = "UIInterfaceOrientationPortrait UIInterfaceOrientationPortraitUpsideDown UIInterfaceOrientationLandscapeLeft UIInterfaceOrientationLandscapeRight";
				INFOPLIST_KEY_UISupportedInterfaceOrientations_iPhone = "UIInterfaceOrientationPortrait UIInterfaceOrientationLandscapeLeft UIInterfaceOrientationLandscapeRight";
				LD_RUNPATH_SEARCH_PATHS = (
					"$(inherited)",
					"@executable_path/Frameworks",
				);
				MARKETING_VERSION = 1.0;
				PRODUCT_BUNDLE_IDENTIFIER = "Nabil1243-outlook.com.DreamDestinations";
				PRODUCT_NAME = "$(TARGET_NAME)";
				SWIFT_EMIT_LOC_STRINGS = YES;
				SWIFT_VERSION = 5.0;
				TARGETED_DEVICE_FAMILY = "1,2";
			};
			name = Debug;
		};
		AD5E1621274552B100330EE8 /* Release */ = {
			isa = XCBuildConfiguration;
			baseConfigurationReference = 48D3CC984BD4844CC32F6F5D /* Pods-DreamDestinations.release.xcconfig */;
			buildSettings = {
				ASSETCATALOG_COMPILER_APPICON_NAME = AppIcon;
				ASSETCATALOG_COMPILER_GLOBAL_ACCENT_COLOR_NAME = AccentColor;
				CODE_SIGN_STYLE = Automatic;
				CURRENT_PROJECT_VERSION = 1;
				DEVELOPMENT_TEAM = V6LS94JQJ2;
				GENERATE_INFOPLIST_FILE = YES;
				INFOPLIST_FILE = DreamDestinations/Info.plist;
				INFOPLIST_KEY_NSAppleMusicUsageDescription = Main;
				INFOPLIST_KEY_UIApplicationSupportsIndirectInputEvents = YES;
				INFOPLIST_KEY_UILaunchStoryboardName = LaunchScreen;
				INFOPLIST_KEY_UISupportedInterfaceOrientations_iPad = "UIInterfaceOrientationPortrait UIInterfaceOrientationPortraitUpsideDown UIInterfaceOrientationLandscapeLeft UIInterfaceOrientationLandscapeRight";
				INFOPLIST_KEY_UISupportedInterfaceOrientations_iPhone = "UIInterfaceOrientationPortrait UIInterfaceOrientationLandscapeLeft UIInterfaceOrientationLandscapeRight";
				LD_RUNPATH_SEARCH_PATHS = (
					"$(inherited)",
					"@executable_path/Frameworks",
				);
				MARKETING_VERSION = 1.0;
				PRODUCT_BUNDLE_IDENTIFIER = "Nabil1243-outlook.com.DreamDestinations";
				PRODUCT_NAME = "$(TARGET_NAME)";
				SWIFT_EMIT_LOC_STRINGS = YES;
				SWIFT_VERSION = 5.0;
				TARGETED_DEVICE_FAMILY = "1,2";
			};
			name = Release;
		};
		AD5E1623274552B100330EE8 /* Debug */ = {
			isa = XCBuildConfiguration;
			baseConfigurationReference = 21105FF0E09C3C799403D01F /* Pods-DreamDestinationsTests.debug.xcconfig */;
			buildSettings = {
				ALWAYS_EMBED_SWIFT_STANDARD_LIBRARIES = YES;
				BUNDLE_LOADER = "$(TEST_HOST)";
				CODE_SIGN_STYLE = Automatic;
				CURRENT_PROJECT_VERSION = 1;
				DEVELOPMENT_TEAM = V6LS94JQJ2;
				GENERATE_INFOPLIST_FILE = YES;
				IPHONEOS_DEPLOYMENT_TARGET = 15.0;
				LD_RUNPATH_SEARCH_PATHS = (
					"$(inherited)",
					"@executable_path/Frameworks",
					"@loader_path/Frameworks",
				);
				MARKETING_VERSION = 1.0;
				PRODUCT_BUNDLE_IDENTIFIER = "Nabil1243-outlook.com.DreamDestinationsTests";
				PRODUCT_NAME = "$(TARGET_NAME)";
				SWIFT_EMIT_LOC_STRINGS = NO;
				SWIFT_VERSION = 5.0;
				TARGETED_DEVICE_FAMILY = "1,2";
				TEST_HOST = "$(BUILT_PRODUCTS_DIR)/DreamDestinations.app/DreamDestinations";
			};
			name = Debug;
		};
		AD5E1624274552B100330EE8 /* Release */ = {
			isa = XCBuildConfiguration;
			baseConfigurationReference = 2D164E35FB21F23B8805033B /* Pods-DreamDestinationsTests.release.xcconfig */;
			buildSettings = {
				ALWAYS_EMBED_SWIFT_STANDARD_LIBRARIES = YES;
				BUNDLE_LOADER = "$(TEST_HOST)";
				CODE_SIGN_STYLE = Automatic;
				CURRENT_PROJECT_VERSION = 1;
				DEVELOPMENT_TEAM = V6LS94JQJ2;
				GENERATE_INFOPLIST_FILE = YES;
				IPHONEOS_DEPLOYMENT_TARGET = 15.0;
				LD_RUNPATH_SEARCH_PATHS = (
					"$(inherited)",
					"@executable_path/Frameworks",
					"@loader_path/Frameworks",
				);
				MARKETING_VERSION = 1.0;
				PRODUCT_BUNDLE_IDENTIFIER = "Nabil1243-outlook.com.DreamDestinationsTests";
				PRODUCT_NAME = "$(TARGET_NAME)";
				SWIFT_EMIT_LOC_STRINGS = NO;
				SWIFT_VERSION = 5.0;
				TARGETED_DEVICE_FAMILY = "1,2";
				TEST_HOST = "$(BUILT_PRODUCTS_DIR)/DreamDestinations.app/DreamDestinations";
			};
			name = Release;
		};
		AD5E1626274552B100330EE8 /* Debug */ = {
			isa = XCBuildConfiguration;
			baseConfigurationReference = 8B654400BF67FDB21E767572 /* Pods-DreamDestinations-DreamDestinationsUITests.debug.xcconfig */;
			buildSettings = {
				ALWAYS_EMBED_SWIFT_STANDARD_LIBRARIES = YES;
				CODE_SIGN_STYLE = Automatic;
				CURRENT_PROJECT_VERSION = 1;
				DEVELOPMENT_TEAM = V6LS94JQJ2;
				GENERATE_INFOPLIST_FILE = YES;
				LD_RUNPATH_SEARCH_PATHS = (
					"$(inherited)",
					"@executable_path/Frameworks",
					"@loader_path/Frameworks",
				);
				MARKETING_VERSION = 1.0;
				PRODUCT_BUNDLE_IDENTIFIER = "Nabil1243-outlook.com.DreamDestinationsUITests";
				PRODUCT_NAME = "$(TARGET_NAME)";
				SWIFT_EMIT_LOC_STRINGS = NO;
				SWIFT_VERSION = 5.0;
				TARGETED_DEVICE_FAMILY = "1,2";
				TEST_TARGET_NAME = DreamDestinations;
			};
			name = Debug;
		};
		AD5E1627274552B100330EE8 /* Release */ = {
			isa = XCBuildConfiguration;
			baseConfigurationReference = 1087A37FC41BC60081D753CD /* Pods-DreamDestinations-DreamDestinationsUITests.release.xcconfig */;
			buildSettings = {
				ALWAYS_EMBED_SWIFT_STANDARD_LIBRARIES = YES;
				CODE_SIGN_STYLE = Automatic;
				CURRENT_PROJECT_VERSION = 1;
				DEVELOPMENT_TEAM = V6LS94JQJ2;
				GENERATE_INFOPLIST_FILE = YES;
				LD_RUNPATH_SEARCH_PATHS = (
					"$(inherited)",
					"@executable_path/Frameworks",
					"@loader_path/Frameworks",
				);
				MARKETING_VERSION = 1.0;
				PRODUCT_BUNDLE_IDENTIFIER = "Nabil1243-outlook.com.DreamDestinationsUITests";
				PRODUCT_NAME = "$(TARGET_NAME)";
				SWIFT_EMIT_LOC_STRINGS = NO;
				SWIFT_VERSION = 5.0;
				TARGETED_DEVICE_FAMILY = "1,2";
				TEST_TARGET_NAME = DreamDestinations;
			};
			name = Release;
		};
/* End XCBuildConfiguration section */

/* Begin XCConfigurationList section */
		AD5E15F0274552AF00330EE8 /* Build configuration list for PBXProject "DreamDestinations" */ = {
			isa = XCConfigurationList;
			buildConfigurations = (
				AD5E161D274552B100330EE8 /* Debug */,
				AD5E161E274552B100330EE8 /* Release */,
			);
			defaultConfigurationIsVisible = 0;
			defaultConfigurationName = Release;
		};
		AD5E161F274552B100330EE8 /* Build configuration list for PBXNativeTarget "DreamDestinations" */ = {
			isa = XCConfigurationList;
			buildConfigurations = (
				AD5E1620274552B100330EE8 /* Debug */,
				AD5E1621274552B100330EE8 /* Release */,
			);
			defaultConfigurationIsVisible = 0;
			defaultConfigurationName = Release;
		};
		AD5E1622274552B100330EE8 /* Build configuration list for PBXNativeTarget "DreamDestinationsTests" */ = {
			isa = XCConfigurationList;
			buildConfigurations = (
				AD5E1623274552B100330EE8 /* Debug */,
				AD5E1624274552B100330EE8 /* Release */,
			);
			defaultConfigurationIsVisible = 0;
			defaultConfigurationName = Release;
		};
		AD5E1625274552B100330EE8 /* Build configuration list for PBXNativeTarget "DreamDestinationsUITests" */ = {
			isa = XCConfigurationList;
			buildConfigurations = (
				AD5E1626274552B100330EE8 /* Debug */,
				AD5E1627274552B100330EE8 /* Release */,
			);
			defaultConfigurationIsVisible = 0;
			defaultConfigurationName = Release;
		};
/* End XCConfigurationList section */
	};
	rootObject = AD5E15ED274552AF00330EE8 /* Project object */;
}
